
Microsoft Visual Studio Solution File, Format Version 12.00
# Visual Studio Version 17
VisualStudioVersion = 17.4.33213.308
MinimumVisualStudioVersion = 10.0.40219.1
Project("{FAE04EC0-301F-11D3-BF4B-00C04F79EFBC}") = "SoccerScheduler", "SoccerScheduler\SoccerScheduler.csproj", "{9726DB0D-709A-493A-B7BE-0AD5C83C0051}"
EndProject
Global
	GlobalSection(SolutionConfigurationPlatforms) = preSolution
		Debug|Any CPU = Debug|Any CPU
		Release|Any CPU = Release|Any CPU
	EndGlobalSection
	GlobalSection(ProjectConfigurationPlatforms) = postSolution
		{9726DB0D-709A-493A-B7BE-0AD5C83C0051}.Debug|Any CPU.ActiveCfg = Debug|Any CPU
		{9726DB0D-709A-493A-B7BE-0AD5C83C0051}.Debug|Any CPU.Build.0 = Debug|Any CPU
		{9726DB0D-709A-493A-B7BE-0AD5C83C0051}.Release|Any CPU.ActiveCfg = Release|Any CPU
		{9726DB0D-709A-493A-B7BE-0AD5C83C0051}.Release|Any CPU.Build.0 = Release|Any CPU
	EndGlobalSection
	GlobalSection(SolutionProperties) = preSolution
		HideSolutionNode = FALSE
	EndGlobalSection
	GlobalSection(ExtensibilityGlobals) = postSolution
		SolutionGuid = {673D4ED6-100C-4173-A9FD-C72D25981680}
	EndGlobalSection
EndGlobal
